// !$*UTF8*$!
{
	archiveVersion = 1;
	classes = {
	};
	objectVersion = 55;
	objects = {

/* Begin PBXBuildFile section */
		633DD3B728C6DACB00D0971A /* AppDelegate.swift in Sources */ = {isa = PBXBuildFile; fileRef = 633DD3B628C6DACB00D0971A /* AppDelegate.swift */; };
		633DD3B928C6DACB00D0971A /* SceneDelegate.swift in Sources */ = {isa = PBXBuildFile; fileRef = 633DD3B828C6DACB00D0971A /* SceneDelegate.swift */; };
		633DD3BB28C6DACB00D0971A /* ViewController.swift in Sources */ = {isa = PBXBuildFile; fileRef = 633DD3BA28C6DACB00D0971A /* ViewController.swift */; };
		633DD3BE28C6DACB00D0971A /* Main.storyboard in Resources */ = {isa = PBXBuildFile; fileRef = 633DD3BC28C6DACB00D0971A /* Main.storyboard */; };
		633DD3C028C6DACC00D0971A /* Assets.xcassets in Resources */ = {isa = PBXBuildFile; fileRef = 633DD3BF28C6DACC00D0971A /* Assets.xcassets */; };
		633DD3C328C6DACC00D0971A /* LaunchScreen.storyboard in Resources */ = {isa = PBXBuildFile; fileRef = 633DD3C128C6DACC00D0971A /* LaunchScreen.storyboard */; };
		633DD3CE28C6DACC00D0971A /* Ably_TestTests.swift in Sources */ = {isa = PBXBuildFile; fileRef = 633DD3CD28C6DACC00D0971A /* Ably_TestTests.swift */; };
		633DD3D828C6DACC00D0971A /* Ably_TestUITests.swift in Sources */ = {isa = PBXBuildFile; fileRef = 633DD3D728C6DACC00D0971A /* Ably_TestUITests.swift */; };
		633DD3DA28C6DACC00D0971A /* Ably_TestUITestsLaunchTests.swift in Sources */ = {isa = PBXBuildFile; fileRef = 633DD3D928C6DACC00D0971A /* Ably_TestUITestsLaunchTests.swift */; };
		633DD3EB28C6DCB300D0971A /* BaseViewController.swift in Sources */ = {isa = PBXBuildFile; fileRef = 633DD3EA28C6DCB300D0971A /* BaseViewController.swift */; };
		633DD3EE28C6DDD500D0971A /* RxCocoa in Frameworks */ = {isa = PBXBuildFile; productRef = 633DD3ED28C6DDD500D0971A /* RxCocoa */; };
		633DD3F028C6DDD500D0971A /* RxSwift in Frameworks */ = {isa = PBXBuildFile; productRef = 633DD3EF28C6DDD500D0971A /* RxSwift */; };
		633DD3F528C6DDDF00D0971A /* ReactorKit in Frameworks */ = {isa = PBXBuildFile; productRef = 633DD3F428C6DDDF00D0971A /* ReactorKit */; };
		633DD3F828C6DDE900D0971A /* SnapKit in Frameworks */ = {isa = PBXBuildFile; productRef = 633DD3F728C6DDE900D0971A /* SnapKit */; };
		633DD3FC28C6DE5100D0971A /* Moya in Frameworks */ = {isa = PBXBuildFile; productRef = 633DD3FB28C6DE5100D0971A /* Moya */; };
		633DD3FE28C6DE5100D0971A /* RxMoya in Frameworks */ = {isa = PBXBuildFile; productRef = 633DD3FD28C6DE5100D0971A /* RxMoya */; };
		633DD40428C6E13C00D0971A /* BaseCollectionViewCell.swift in Sources */ = {isa = PBXBuildFile; fileRef = 633DD40328C6E13C00D0971A /* BaseCollectionViewCell.swift */; };
		633DD40A28C6E43E00D0971A /* MainTabBarController.swift in Sources */ = {isa = PBXBuildFile; fileRef = 633DD40928C6E43E00D0971A /* MainTabBarController.swift */; };
		633DD40D28C6E49700D0971A /* CompositionRoot.swift in Sources */ = {isa = PBXBuildFile; fileRef = 633DD40C28C6E49700D0971A /* CompositionRoot.swift */; };
		633DD41028C6E91700D0971A /* RxTest in Frameworks */ = {isa = PBXBuildFile; productRef = 633DD40F28C6E91700D0971A /* RxTest */; };
		6350AAE228C714F700853F88 /* HomeService.swift in Sources */ = {isa = PBXBuildFile; fileRef = 6350AAE128C714F700853F88 /* HomeService.swift */; };
		6350AAE428C717FB00853F88 /* HomeResponse.swift in Sources */ = {isa = PBXBuildFile; fileRef = 6350AAE328C717FB00853F88 /* HomeResponse.swift */; };
		6350AAE628C719A100853F88 /* AblyNetworing.swift in Sources */ = {isa = PBXBuildFile; fileRef = 6350AAE528C719A100853F88 /* AblyNetworing.swift */; };
		6350AAEB28C71DCF00853F88 /* HomeViewReactor.swift in Sources */ = {isa = PBXBuildFile; fileRef = 6350AAEA28C71DCF00853F88 /* HomeViewReactor.swift */; };
		6350AAED28C7243500853F88 /* RxSwift+ViewLifeCycle.swift in Sources */ = {isa = PBXBuildFile; fileRef = 6350AAEC28C7243500853F88 /* RxSwift+ViewLifeCycle.swift */; };
		6350AAEF28C724DC00853F88 /* HomeViewSection.swift in Sources */ = {isa = PBXBuildFile; fileRef = 6350AAEE28C724DC00853F88 /* HomeViewSection.swift */; };
		6350AAF228C724FB00853F88 /* Differentiator in Frameworks */ = {isa = PBXBuildFile; productRef = 6350AAF128C724FB00853F88 /* Differentiator */; };
		6350AAF428C724FB00853F88 /* RxDataSources in Frameworks */ = {isa = PBXBuildFile; productRef = 6350AAF328C724FB00853F88 /* RxDataSources */; };
		6350AAF628C72ABC00853F88 /* BannerContainerCellReactor.swift in Sources */ = {isa = PBXBuildFile; fileRef = 6350AAF528C72ABC00853F88 /* BannerContainerCellReactor.swift */; };
		6350AAFA28C75A3C00853F88 /* BannerCell.swift in Sources */ = {isa = PBXBuildFile; fileRef = 6350AAF928C75A3C00853F88 /* BannerCell.swift */; };
		6350AAFC28C75BCB00853F88 /* BannerCellReactor.swift in Sources */ = {isa = PBXBuildFile; fileRef = 6350AAFB28C75BCB00853F88 /* BannerCellReactor.swift */; };
		6350AAFF28C75CEA00853F88 /* SDWebImage in Frameworks */ = {isa = PBXBuildFile; productRef = 6350AAFE28C75CEA00853F88 /* SDWebImage */; };
		6350AB0228C77B4A00853F88 /* FSPagerView in Frameworks */ = {isa = PBXBuildFile; productRef = 6350AB0128C77B4A00853F88 /* FSPagerView */; };
		6350AB0428C77BCE00853F88 /* BasePagerViewCell.swift in Sources */ = {isa = PBXBuildFile; fileRef = 6350AB0328C77BCE00853F88 /* BasePagerViewCell.swift */; };
		6350AB0928C7A8E300853F88 /* GoodsCell.swift in Sources */ = {isa = PBXBuildFile; fileRef = 6350AB0828C7A8E300853F88 /* GoodsCell.swift */; };
		6350AB1028C7CF3D00853F88 /* Int+Extension.swift in Sources */ = {isa = PBXBuildFile; fileRef = 6350AB0F28C7CF3D00853F88 /* Int+Extension.swift */; };
		6350AB1228C7D85200853F88 /* HomeViewController+Layout.swift in Sources */ = {isa = PBXBuildFile; fileRef = 6350AB1128C7D85200853F88 /* HomeViewController+Layout.swift */; };
		6350AB1428C7DF6900853F88 /* HomeGoodsCell.swift in Sources */ = {isa = PBXBuildFile; fileRef = 6350AB1328C7DF6900853F88 /* HomeGoodsCell.swift */; };
		6350AB1828C7E37900853F88 /* HomeGoodsCellReactor.swift in Sources */ = {isa = PBXBuildFile; fileRef = 6350AB1728C7E37900853F88 /* HomeGoodsCellReactor.swift */; };
		6350AB1B28C8340D00853F88 /* WishListService.swift in Sources */ = {isa = PBXBuildFile; fileRef = 6350AB1A28C8340D00853F88 /* WishListService.swift */; };
		6350AB1E28C8379E00853F88 /* Realm in Frameworks */ = {isa = PBXBuildFile; productRef = 6350AB1D28C8379E00853F88 /* Realm */; };
		6350AB2028C8379E00853F88 /* RealmSwift in Frameworks */ = {isa = PBXBuildFile; productRef = 6350AB1F28C8379E00853F88 /* RealmSwift */; };
		6350AB2328C837D700853F88 /* RealmManager.swift in Sources */ = {isa = PBXBuildFile; fileRef = 6350AB2228C837D700853F88 /* RealmManager.swift */; };
		6350AB2528C83E9600853F88 /* GoodsObject.swift in Sources */ = {isa = PBXBuildFile; fileRef = 6350AB2428C83E9600853F88 /* GoodsObject.swift */; };
		6350AB2728C841B300853F88 /* Goods+Mapping.swift in Sources */ = {isa = PBXBuildFile; fileRef = 6350AB2628C841B300853F88 /* Goods+Mapping.swift */; };
		6350AB2A28C8430D00853F88 /* PersistableProtocol.swift in Sources */ = {isa = PBXBuildFile; fileRef = 6350AB2928C8430D00853F88 /* PersistableProtocol.swift */; };
		6350AB2D28C86ACF00853F88 /* ModelType.swift in Sources */ = {isa = PBXBuildFile; fileRef = 6350AB2C28C86ACF00853F88 /* ModelType.swift */; };
		6350AB2F28C8EDD800853F88 /* UIScrollView+ReachedBottom.swift in Sources */ = {isa = PBXBuildFile; fileRef = 6350AB2E28C8EDD800853F88 /* UIScrollView+ReachedBottom.swift */; };
		63D3F43528C6EF5000A4DE85 /* HomeViewController.swift in Sources */ = {isa = PBXBuildFile; fileRef = 63D3F43428C6EF5000A4DE85 /* HomeViewController.swift */; };
		63D3F43828C6F02400A4DE85 /* Then in Frameworks */ = {isa = PBXBuildFile; productRef = 63D3F43728C6F02400A4DE85 /* Then */; };
		63D3F43C28C6F58000A4DE85 /* UIColor+Extension.swift in Sources */ = {isa = PBXBuildFile; fileRef = 63D3F43B28C6F58000A4DE85 /* UIColor+Extension.swift */; };
		63D3F43F28C7045700A4DE85 /* BannerContainerCell.swift in Sources */ = {isa = PBXBuildFile; fileRef = 63D3F43E28C7045700A4DE85 /* BannerContainerCell.swift */; };
		63D3F44328C7081900A4DE85 /* PaddingLabel.swift in Sources */ = {isa = PBXBuildFile; fileRef = 63D3F44228C7081900A4DE85 /* PaddingLabel.swift */; };
		63D3F44528C7088100A4DE85 /* SwiftUIPreview.swift in Sources */ = {isa = PBXBuildFile; fileRef = 63D3F44428C7088100A4DE85 /* SwiftUIPreview.swift */; };
		63D3F44728C70D5A00A4DE85 /* Banner.swift in Sources */ = {isa = PBXBuildFile; fileRef = 63D3F44628C70D5A00A4DE85 /* Banner.swift */; };
		63D3F44928C70E0600A4DE85 /* Goods.swift in Sources */ = {isa = PBXBuildFile; fileRef = 63D3F44828C70E0600A4DE85 /* Goods.swift */; };
		63D3F44E28C70EFA00A4DE85 /* AblyAPI.swift in Sources */ = {isa = PBXBuildFile; fileRef = 63D3F44D28C70EFA00A4DE85 /* AblyAPI.swift */; };
		63D3F45028C711B400A4DE85 /* Bundle+Extension.swift in Sources */ = {isa = PBXBuildFile; fileRef = 63D3F44F28C711B400A4DE85 /* Bundle+Extension.swift */; };
/* End PBXBuildFile section */

/* Begin PBXContainerItemProxy section */
		633DD3CA28C6DACC00D0971A /* PBXContainerItemProxy */ = {
			isa = PBXContainerItemProxy;
			containerPortal = 633DD3AB28C6DACB00D0971A /* Project object */;
			proxyType = 1;
			remoteGlobalIDString = 633DD3B228C6DACB00D0971A;
			remoteInfo = "Ably-Test";
		};
		633DD3D428C6DACC00D0971A /* PBXContainerItemProxy */ = {
			isa = PBXContainerItemProxy;
			containerPortal = 633DD3AB28C6DACB00D0971A /* Project object */;
			proxyType = 1;
			remoteGlobalIDString = 633DD3B228C6DACB00D0971A;
			remoteInfo = "Ably-Test";
		};
/* End PBXContainerItemProxy section */

/* Begin PBXFileReference section */
		633DD3B328C6DACB00D0971A /* Ably-Test.app */ = {isa = PBXFileReference; explicitFileType = wrapper.application; includeInIndex = 0; path = "Ably-Test.app"; sourceTree = BUILT_PRODUCTS_DIR; };
		633DD3B628C6DACB00D0971A /* AppDelegate.swift */ = {isa = PBXFileReference; lastKnownFileType = sourcecode.swift; path = AppDelegate.swift; sourceTree = "<group>"; };
		633DD3B828C6DACB00D0971A /* SceneDelegate.swift */ = {isa = PBXFileReference; lastKnownFileType = sourcecode.swift; path = SceneDelegate.swift; sourceTree = "<group>"; };
		633DD3BA28C6DACB00D0971A /* ViewController.swift */ = {isa = PBXFileReference; lastKnownFileType = sourcecode.swift; path = ViewController.swift; sourceTree = "<group>"; };
		633DD3BD28C6DACB00D0971A /* Base */ = {isa = PBXFileReference; lastKnownFileType = file.storyboard; name = Base; path = Base.lproj/Main.storyboard; sourceTree = "<group>"; };
		633DD3BF28C6DACC00D0971A /* Assets.xcassets */ = {isa = PBXFileReference; lastKnownFileType = folder.assetcatalog; path = Assets.xcassets; sourceTree = "<group>"; };
		633DD3C228C6DACC00D0971A /* Base */ = {isa = PBXFileReference; lastKnownFileType = file.storyboard; name = Base; path = Base.lproj/LaunchScreen.storyboard; sourceTree = "<group>"; };
		633DD3C428C6DACC00D0971A /* Info.plist */ = {isa = PBXFileReference; lastKnownFileType = text.plist.xml; path = Info.plist; sourceTree = "<group>"; };
		633DD3C928C6DACC00D0971A /* Ably-TestTests.xctest */ = {isa = PBXFileReference; explicitFileType = wrapper.cfbundle; includeInIndex = 0; path = "Ably-TestTests.xctest"; sourceTree = BUILT_PRODUCTS_DIR; };
		633DD3CD28C6DACC00D0971A /* Ably_TestTests.swift */ = {isa = PBXFileReference; lastKnownFileType = sourcecode.swift; path = Ably_TestTests.swift; sourceTree = "<group>"; };
		633DD3D328C6DACC00D0971A /* Ably-TestUITests.xctest */ = {isa = PBXFileReference; explicitFileType = wrapper.cfbundle; includeInIndex = 0; path = "Ably-TestUITests.xctest"; sourceTree = BUILT_PRODUCTS_DIR; };
		633DD3D728C6DACC00D0971A /* Ably_TestUITests.swift */ = {isa = PBXFileReference; lastKnownFileType = sourcecode.swift; path = Ably_TestUITests.swift; sourceTree = "<group>"; };
		633DD3D928C6DACC00D0971A /* Ably_TestUITestsLaunchTests.swift */ = {isa = PBXFileReference; lastKnownFileType = sourcecode.swift; path = Ably_TestUITestsLaunchTests.swift; sourceTree = "<group>"; };
		633DD3EA28C6DCB300D0971A /* BaseViewController.swift */ = {isa = PBXFileReference; lastKnownFileType = sourcecode.swift; path = BaseViewController.swift; sourceTree = "<group>"; };
		633DD40328C6E13C00D0971A /* BaseCollectionViewCell.swift */ = {isa = PBXFileReference; lastKnownFileType = sourcecode.swift; path = BaseCollectionViewCell.swift; sourceTree = "<group>"; };
		633DD40928C6E43E00D0971A /* MainTabBarController.swift */ = {isa = PBXFileReference; lastKnownFileType = sourcecode.swift; path = MainTabBarController.swift; sourceTree = "<group>"; };
		633DD40C28C6E49700D0971A /* CompositionRoot.swift */ = {isa = PBXFileReference; lastKnownFileType = sourcecode.swift; path = CompositionRoot.swift; sourceTree = "<group>"; };
		6350AAE128C714F700853F88 /* HomeService.swift */ = {isa = PBXFileReference; lastKnownFileType = sourcecode.swift; path = HomeService.swift; sourceTree = "<group>"; };
		6350AAE328C717FB00853F88 /* HomeResponse.swift */ = {isa = PBXFileReference; lastKnownFileType = sourcecode.swift; path = HomeResponse.swift; sourceTree = "<group>"; };
		6350AAE528C719A100853F88 /* AblyNetworing.swift */ = {isa = PBXFileReference; lastKnownFileType = sourcecode.swift; path = AblyNetworing.swift; sourceTree = "<group>"; };
		6350AAEA28C71DCF00853F88 /* HomeViewReactor.swift */ = {isa = PBXFileReference; lastKnownFileType = sourcecode.swift; path = HomeViewReactor.swift; sourceTree = "<group>"; };
		6350AAEC28C7243500853F88 /* RxSwift+ViewLifeCycle.swift */ = {isa = PBXFileReference; lastKnownFileType = sourcecode.swift; path = "RxSwift+ViewLifeCycle.swift"; sourceTree = "<group>"; };
		6350AAEE28C724DC00853F88 /* HomeViewSection.swift */ = {isa = PBXFileReference; lastKnownFileType = sourcecode.swift; path = HomeViewSection.swift; sourceTree = "<group>"; };
		6350AAF528C72ABC00853F88 /* BannerContainerCellReactor.swift */ = {isa = PBXFileReference; lastKnownFileType = sourcecode.swift; path = BannerContainerCellReactor.swift; sourceTree = "<group>"; };
		6350AAF928C75A3C00853F88 /* BannerCell.swift */ = {isa = PBXFileReference; lastKnownFileType = sourcecode.swift; path = BannerCell.swift; sourceTree = "<group>"; };
		6350AAFB28C75BCB00853F88 /* BannerCellReactor.swift */ = {isa = PBXFileReference; lastKnownFileType = sourcecode.swift; path = BannerCellReactor.swift; sourceTree = "<group>"; };
		6350AB0328C77BCE00853F88 /* BasePagerViewCell.swift */ = {isa = PBXFileReference; lastKnownFileType = sourcecode.swift; path = BasePagerViewCell.swift; sourceTree = "<group>"; };
		6350AB0828C7A8E300853F88 /* GoodsCell.swift */ = {isa = PBXFileReference; lastKnownFileType = sourcecode.swift; path = GoodsCell.swift; sourceTree = "<group>"; };
		6350AB0F28C7CF3D00853F88 /* Int+Extension.swift */ = {isa = PBXFileReference; lastKnownFileType = sourcecode.swift; path = "Int+Extension.swift"; sourceTree = "<group>"; };
		6350AB1128C7D85200853F88 /* HomeViewController+Layout.swift */ = {isa = PBXFileReference; lastKnownFileType = sourcecode.swift; path = "HomeViewController+Layout.swift"; sourceTree = "<group>"; };
		6350AB1328C7DF6900853F88 /* HomeGoodsCell.swift */ = {isa = PBXFileReference; lastKnownFileType = sourcecode.swift; path = HomeGoodsCell.swift; sourceTree = "<group>"; };
		6350AB1728C7E37900853F88 /* HomeGoodsCellReactor.swift */ = {isa = PBXFileReference; lastKnownFileType = sourcecode.swift; path = HomeGoodsCellReactor.swift; sourceTree = "<group>"; };
		6350AB1A28C8340D00853F88 /* WishListService.swift */ = {isa = PBXFileReference; lastKnownFileType = sourcecode.swift; path = WishListService.swift; sourceTree = "<group>"; };
		6350AB2228C837D700853F88 /* RealmManager.swift */ = {isa = PBXFileReference; lastKnownFileType = sourcecode.swift; path = RealmManager.swift; sourceTree = "<group>"; };
		6350AB2428C83E9600853F88 /* GoodsObject.swift */ = {isa = PBXFileReference; lastKnownFileType = sourcecode.swift; path = GoodsObject.swift; sourceTree = "<group>"; };
		6350AB2628C841B300853F88 /* Goods+Mapping.swift */ = {isa = PBXFileReference; lastKnownFileType = sourcecode.swift; path = "Goods+Mapping.swift"; sourceTree = "<group>"; };
		6350AB2928C8430D00853F88 /* PersistableProtocol.swift */ = {isa = PBXFileReference; lastKnownFileType = sourcecode.swift; path = PersistableProtocol.swift; sourceTree = "<group>"; };
		6350AB2C28C86ACF00853F88 /* ModelType.swift */ = {isa = PBXFileReference; lastKnownFileType = sourcecode.swift; path = ModelType.swift; sourceTree = "<group>"; };
		6350AB2E28C8EDD800853F88 /* UIScrollView+ReachedBottom.swift */ = {isa = PBXFileReference; lastKnownFileType = sourcecode.swift; path = "UIScrollView+ReachedBottom.swift"; sourceTree = "<group>"; };
		63D3F43428C6EF5000A4DE85 /* HomeViewController.swift */ = {isa = PBXFileReference; lastKnownFileType = sourcecode.swift; path = HomeViewController.swift; sourceTree = "<group>"; };
		63D3F43B28C6F58000A4DE85 /* UIColor+Extension.swift */ = {isa = PBXFileReference; lastKnownFileType = sourcecode.swift; path = "UIColor+Extension.swift"; sourceTree = "<group>"; };
		63D3F43E28C7045700A4DE85 /* BannerContainerCell.swift */ = {isa = PBXFileReference; lastKnownFileType = sourcecode.swift; path = BannerContainerCell.swift; sourceTree = "<group>"; };
		63D3F44228C7081900A4DE85 /* PaddingLabel.swift */ = {isa = PBXFileReference; lastKnownFileType = sourcecode.swift; path = PaddingLabel.swift; sourceTree = "<group>"; };
		63D3F44428C7088100A4DE85 /* SwiftUIPreview.swift */ = {isa = PBXFileReference; lastKnownFileType = sourcecode.swift; path = SwiftUIPreview.swift; sourceTree = "<group>"; };
		63D3F44628C70D5A00A4DE85 /* Banner.swift */ = {isa = PBXFileReference; lastKnownFileType = sourcecode.swift; path = Banner.swift; sourceTree = "<group>"; };
		63D3F44828C70E0600A4DE85 /* Goods.swift */ = {isa = PBXFileReference; lastKnownFileType = sourcecode.swift; path = Goods.swift; sourceTree = "<group>"; };
		63D3F44D28C70EFA00A4DE85 /* AblyAPI.swift */ = {isa = PBXFileReference; lastKnownFileType = sourcecode.swift; path = AblyAPI.swift; sourceTree = "<group>"; };
		63D3F44F28C711B400A4DE85 /* Bundle+Extension.swift */ = {isa = PBXFileReference; lastKnownFileType = sourcecode.swift; path = "Bundle+Extension.swift"; sourceTree = "<group>"; };
/* End PBXFileReference section */

/* Begin PBXFrameworksBuildPhase section */
		633DD3B028C6DACB00D0971A /* Frameworks */ = {
			isa = PBXFrameworksBuildPhase;
			buildActionMask = 2147483647;
			files = (
				633DD3F028C6DDD500D0971A /* RxSwift in Frameworks */,
				633DD3FC28C6DE5100D0971A /* Moya in Frameworks */,
				633DD3F528C6DDDF00D0971A /* ReactorKit in Frameworks */,
				6350AB2028C8379E00853F88 /* RealmSwift in Frameworks */,
				63D3F43828C6F02400A4DE85 /* Then in Frameworks */,
				6350AAFF28C75CEA00853F88 /* SDWebImage in Frameworks */,
				6350AAF228C724FB00853F88 /* Differentiator in Frameworks */,
				6350AB1E28C8379E00853F88 /* Realm in Frameworks */,
				6350AB0228C77B4A00853F88 /* FSPagerView in Frameworks */,
				633DD3FE28C6DE5100D0971A /* RxMoya in Frameworks */,
				6350AAF428C724FB00853F88 /* RxDataSources in Frameworks */,
				633DD3EE28C6DDD500D0971A /* RxCocoa in Frameworks */,
				633DD3F828C6DDE900D0971A /* SnapKit in Frameworks */,
			);
			runOnlyForDeploymentPostprocessing = 0;
		};
		633DD3C628C6DACC00D0971A /* Frameworks */ = {
			isa = PBXFrameworksBuildPhase;
			buildActionMask = 2147483647;
			files = (
				633DD41028C6E91700D0971A /* RxTest in Frameworks */,
			);
			runOnlyForDeploymentPostprocessing = 0;
		};
		633DD3D028C6DACC00D0971A /* Frameworks */ = {
			isa = PBXFrameworksBuildPhase;
			buildActionMask = 2147483647;
			files = (
			);
			runOnlyForDeploymentPostprocessing = 0;
		};
/* End PBXFrameworksBuildPhase section */

/* Begin PBXGroup section */
		633DD3AA28C6DACB00D0971A = {
			isa = PBXGroup;
			children = (
				633DD3B528C6DACB00D0971A /* Ably-Test */,
				633DD3CC28C6DACC00D0971A /* Ably-TestTests */,
				633DD3D628C6DACC00D0971A /* Ably-TestUITests */,
				633DD3B428C6DACB00D0971A /* Products */,
				633DD40E28C6E91700D0971A /* Frameworks */,
			);
			sourceTree = "<group>";
		};
		633DD3B428C6DACB00D0971A /* Products */ = {
			isa = PBXGroup;
			children = (
				633DD3B328C6DACB00D0971A /* Ably-Test.app */,
				633DD3C928C6DACC00D0971A /* Ably-TestTests.xctest */,
				633DD3D328C6DACC00D0971A /* Ably-TestUITests.xctest */,
			);
			name = Products;
			sourceTree = "<group>";
		};
		633DD3B528C6DACB00D0971A /* Ably-Test */ = {
			isa = PBXGroup;
			children = (
				633DD40528C6E28900D0971A /* Resources */,
				633DD3E828C6DC4C00D0971A /* Sources */,
				633DD40628C6E2A500D0971A /* Supporting Files */,
			);
			path = "Ably-Test";
			sourceTree = "<group>";
		};
		633DD3CC28C6DACC00D0971A /* Ably-TestTests */ = {
			isa = PBXGroup;
			children = (
				633DD3CD28C6DACC00D0971A /* Ably_TestTests.swift */,
			);
			path = "Ably-TestTests";
			sourceTree = "<group>";
		};
		633DD3D628C6DACC00D0971A /* Ably-TestUITests */ = {
			isa = PBXGroup;
			children = (
				633DD3D728C6DACC00D0971A /* Ably_TestUITests.swift */,
				633DD3D928C6DACC00D0971A /* Ably_TestUITestsLaunchTests.swift */,
			);
			path = "Ably-TestUITests";
			sourceTree = "<group>";
		};
		633DD3E628C6DC3D00D0971A /* Features */ = {
			isa = PBXGroup;
			children = (
				6350AB1528C7DF7800853F88 /* Common */,
				63D3F43328C6EDDE00A4DE85 /* Home */,
				633DD40828C6E43600D0971A /* MainTab */,
			);
			path = Features;
			sourceTree = "<group>";
		};
		633DD3E728C6DC4400D0971A /* Base */ = {
			isa = PBXGroup;
			children = (
				633DD3EA28C6DCB300D0971A /* BaseViewController.swift */,
				633DD40328C6E13C00D0971A /* BaseCollectionViewCell.swift */,
				6350AB0328C77BCE00853F88 /* BasePagerViewCell.swift */,
			);
			path = Base;
			sourceTree = "<group>";
		};
		633DD3E828C6DC4C00D0971A /* Sources */ = {
			isa = PBXGroup;
			children = (
				633DD3B628C6DACB00D0971A /* AppDelegate.swift */,
				633DD40C28C6E49700D0971A /* CompositionRoot.swift */,
				633DD3B828C6DACB00D0971A /* SceneDelegate.swift */,
				633DD3E728C6DC4400D0971A /* Base */,
				633DD3E628C6DC3D00D0971A /* Features */,
				633DD3E928C6DC6700D0971A /* Models */,
				633DD40728C6E31C00D0971A /* Services */,
				63D3F44C28C70EC600A4DE85 /* Network */,
				63D3F43A28C6F57000A4DE85 /* Utils */,
				633DD3BA28C6DACB00D0971A /* ViewController.swift */,
			);
			path = Sources;
			sourceTree = "<group>";
		};
		633DD3E928C6DC6700D0971A /* Models */ = {
			isa = PBXGroup;
			children = (
				6350AB2B28C86AC500853F88 /* Protocol */,
				63D3F44628C70D5A00A4DE85 /* Banner.swift */,
				63D3F44828C70E0600A4DE85 /* Goods.swift */,
				6350AB2628C841B300853F88 /* Goods+Mapping.swift */,
				6350AAE328C717FB00853F88 /* HomeResponse.swift */,
				6350AB2428C83E9600853F88 /* GoodsObject.swift */,
			);
			path = Models;
			sourceTree = "<group>";
		};
		633DD40528C6E28900D0971A /* Resources */ = {
			isa = PBXGroup;
			children = (
				633DD3BF28C6DACC00D0971A /* Assets.xcassets */,
				633DD3C128C6DACC00D0971A /* LaunchScreen.storyboard */,
				633DD3BC28C6DACB00D0971A /* Main.storyboard */,
			);
			path = Resources;
			sourceTree = "<group>";
		};
		633DD40628C6E2A500D0971A /* Supporting Files */ = {
			isa = PBXGroup;
			children = (
				633DD3C428C6DACC00D0971A /* Info.plist */,
			);
			path = "Supporting Files";
			sourceTree = "<group>";
		};
		633DD40728C6E31C00D0971A /* Services */ = {
			isa = PBXGroup;
			children = (
				6350AAE128C714F700853F88 /* HomeService.swift */,
				6350AB1A28C8340D00853F88 /* WishListService.swift */,
			);
			path = Services;
			sourceTree = "<group>";
		};
		633DD40828C6E43600D0971A /* MainTab */ = {
			isa = PBXGroup;
			children = (
				633DD40928C6E43E00D0971A /* MainTabBarController.swift */,
			);
			path = MainTab;
			sourceTree = "<group>";
		};
		633DD40E28C6E91700D0971A /* Frameworks */ = {
			isa = PBXGroup;
			children = (
			);
			name = Frameworks;
			sourceTree = "<group>";
		};
		6350AB1528C7DF7800853F88 /* Common */ = {
			isa = PBXGroup;
			children = (
				6350AB1628C7DF8100853F88 /* Views */,
			);
			path = Common;
			sourceTree = "<group>";
		};
		6350AB1628C7DF8100853F88 /* Views */ = {
			isa = PBXGroup;
			children = (
				6350AB0828C7A8E300853F88 /* GoodsCell.swift */,
			);
			path = Views;
			sourceTree = "<group>";
		};
		6350AB2128C837D000853F88 /* Tools */ = {
			isa = PBXGroup;
			children = (
				6350AB2228C837D700853F88 /* RealmManager.swift */,
			);
			path = Tools;
			sourceTree = "<group>";
		};
		6350AB2B28C86AC500853F88 /* Protocol */ = {
			isa = PBXGroup;
			children = (
				6350AB2C28C86ACF00853F88 /* ModelType.swift */,
				6350AB2928C8430D00853F88 /* PersistableProtocol.swift */,
			);
			path = Protocol;
			sourceTree = "<group>";
		};
		63D3F43328C6EDDE00A4DE85 /* Home */ = {
			isa = PBXGroup;
			children = (
				63D3F43D28C7038200A4DE85 /* Views */,
				63D3F43428C6EF5000A4DE85 /* HomeViewController.swift */,
				6350AAEA28C71DCF00853F88 /* HomeViewReactor.swift */,
				6350AAEE28C724DC00853F88 /* HomeViewSection.swift */,
				6350AB1128C7D85200853F88 /* HomeViewController+Layout.swift */,
			);
			path = Home;
			sourceTree = "<group>";
		};
		63D3F43A28C6F57000A4DE85 /* Utils */ = {
			isa = PBXGroup;
			children = (
				6350AB2128C837D000853F88 /* Tools */,
				63D3F44128C7081000A4DE85 /* Views */,
				63D3F44028C7080A00A4DE85 /* Extensions */,
			);
			path = Utils;
			sourceTree = "<group>";
		};
		63D3F43D28C7038200A4DE85 /* Views */ = {
			isa = PBXGroup;
			children = (
				63D3F43E28C7045700A4DE85 /* BannerContainerCell.swift */,
				6350AAF528C72ABC00853F88 /* BannerContainerCellReactor.swift */,
				6350AAF928C75A3C00853F88 /* BannerCell.swift */,
				6350AAFB28C75BCB00853F88 /* BannerCellReactor.swift */,
				6350AB1328C7DF6900853F88 /* HomeGoodsCell.swift */,
				6350AB1728C7E37900853F88 /* HomeGoodsCellReactor.swift */,
			);
			path = Views;
			sourceTree = "<group>";
		};
		63D3F44028C7080A00A4DE85 /* Extensions */ = {
			isa = PBXGroup;
			children = (
				63D3F43B28C6F58000A4DE85 /* UIColor+Extension.swift */,
				63D3F44F28C711B400A4DE85 /* Bundle+Extension.swift */,
				6350AAEC28C7243500853F88 /* RxSwift+ViewLifeCycle.swift */,
				6350AB0F28C7CF3D00853F88 /* Int+Extension.swift */,
				6350AB2E28C8EDD800853F88 /* UIScrollView+ReachedBottom.swift */,
			);
			path = Extensions;
			sourceTree = "<group>";
		};
		63D3F44128C7081000A4DE85 /* Views */ = {
			isa = PBXGroup;
			children = (
				63D3F44228C7081900A4DE85 /* PaddingLabel.swift */,
				63D3F44428C7088100A4DE85 /* SwiftUIPreview.swift */,
			);
			path = Views;
			sourceTree = "<group>";
		};
		63D3F44C28C70EC600A4DE85 /* Network */ = {
			isa = PBXGroup;
			children = (
				63D3F44D28C70EFA00A4DE85 /* AblyAPI.swift */,
				6350AAE528C719A100853F88 /* AblyNetworing.swift */,
			);
			path = Network;
			sourceTree = "<group>";
		};
/* End PBXGroup section */

/* Begin PBXNativeTarget section */
		633DD3B228C6DACB00D0971A /* Ably-Test */ = {
			isa = PBXNativeTarget;
			buildConfigurationList = 633DD3DD28C6DACC00D0971A /* Build configuration list for PBXNativeTarget "Ably-Test" */;
			buildPhases = (
				633DD3AF28C6DACB00D0971A /* Sources */,
				633DD3B028C6DACB00D0971A /* Frameworks */,
				633DD3B128C6DACB00D0971A /* Resources */,
			);
			buildRules = (
			);
			dependencies = (
			);
			name = "Ably-Test";
			packageProductDependencies = (
				633DD3ED28C6DDD500D0971A /* RxCocoa */,
				633DD3EF28C6DDD500D0971A /* RxSwift */,
				633DD3F428C6DDDF00D0971A /* ReactorKit */,
				633DD3F728C6DDE900D0971A /* SnapKit */,
				633DD3FB28C6DE5100D0971A /* Moya */,
				633DD3FD28C6DE5100D0971A /* RxMoya */,
				63D3F43728C6F02400A4DE85 /* Then */,
				6350AAF128C724FB00853F88 /* Differentiator */,
				6350AAF328C724FB00853F88 /* RxDataSources */,
				6350AAFE28C75CEA00853F88 /* SDWebImage */,
				6350AB0128C77B4A00853F88 /* FSPagerView */,
				6350AB1D28C8379E00853F88 /* Realm */,
				6350AB1F28C8379E00853F88 /* RealmSwift */,
			);
			productName = "Ably-Test";
			productReference = 633DD3B328C6DACB00D0971A /* Ably-Test.app */;
			productType = "com.apple.product-type.application";
		};
		633DD3C828C6DACC00D0971A /* Ably-TestTests */ = {
			isa = PBXNativeTarget;
			buildConfigurationList = 633DD3E028C6DACC00D0971A /* Build configuration list for PBXNativeTarget "Ably-TestTests" */;
			buildPhases = (
				633DD3C528C6DACC00D0971A /* Sources */,
				633DD3C628C6DACC00D0971A /* Frameworks */,
				633DD3C728C6DACC00D0971A /* Resources */,
			);
			buildRules = (
			);
			dependencies = (
				633DD3CB28C6DACC00D0971A /* PBXTargetDependency */,
			);
			name = "Ably-TestTests";
			packageProductDependencies = (
				633DD40F28C6E91700D0971A /* RxTest */,
			);
			productName = "Ably-TestTests";
			productReference = 633DD3C928C6DACC00D0971A /* Ably-TestTests.xctest */;
			productType = "com.apple.product-type.bundle.unit-test";
		};
		633DD3D228C6DACC00D0971A /* Ably-TestUITests */ = {
			isa = PBXNativeTarget;
			buildConfigurationList = 633DD3E328C6DACC00D0971A /* Build configuration list for PBXNativeTarget "Ably-TestUITests" */;
			buildPhases = (
				633DD3CF28C6DACC00D0971A /* Sources */,
				633DD3D028C6DACC00D0971A /* Frameworks */,
				633DD3D128C6DACC00D0971A /* Resources */,
			);
			buildRules = (
			);
			dependencies = (
				633DD3D528C6DACC00D0971A /* PBXTargetDependency */,
			);
			name = "Ably-TestUITests";
			productName = "Ably-TestUITests";
			productReference = 633DD3D328C6DACC00D0971A /* Ably-TestUITests.xctest */;
			productType = "com.apple.product-type.bundle.ui-testing";
		};
/* End PBXNativeTarget section */

/* Begin PBXProject section */
		633DD3AB28C6DACB00D0971A /* Project object */ = {
			isa = PBXProject;
			attributes = {
				BuildIndependentTargetsInParallel = 1;
				LastSwiftUpdateCheck = 1340;
				LastUpgradeCheck = 1340;
				TargetAttributes = {
					633DD3B228C6DACB00D0971A = {
						CreatedOnToolsVersion = 13.4;
					};
					633DD3C828C6DACC00D0971A = {
						CreatedOnToolsVersion = 13.4;
						TestTargetID = 633DD3B228C6DACB00D0971A;
					};
					633DD3D228C6DACC00D0971A = {
						CreatedOnToolsVersion = 13.4;
						TestTargetID = 633DD3B228C6DACB00D0971A;
					};
				};
			};
			buildConfigurationList = 633DD3AE28C6DACB00D0971A /* Build configuration list for PBXProject "Ably-Test" */;
			compatibilityVersion = "Xcode 13.0";
			developmentRegion = en;
			hasScannedForEncodings = 0;
			knownRegions = (
				en,
				Base,
			);
			mainGroup = 633DD3AA28C6DACB00D0971A;
			packageReferences = (
				633DD3EC28C6DDD500D0971A /* XCRemoteSwiftPackageReference "RxSwift" */,
				633DD3F328C6DDDF00D0971A /* XCRemoteSwiftPackageReference "ReactorKit" */,
				633DD3F628C6DDE900D0971A /* XCRemoteSwiftPackageReference "SnapKit" */,
				633DD3FA28C6DE5100D0971A /* XCRemoteSwiftPackageReference "Moya" */,
				63D3F43628C6F02400A4DE85 /* XCRemoteSwiftPackageReference "Then" */,
				6350AAF028C724FB00853F88 /* XCRemoteSwiftPackageReference "RxDataSources" */,
				6350AAFD28C75CEA00853F88 /* XCRemoteSwiftPackageReference "SDWebImage" */,
				6350AB0028C77B4A00853F88 /* XCRemoteSwiftPackageReference "FSPagerView" */,
				6350AB1C28C8379E00853F88 /* XCRemoteSwiftPackageReference "realm-swift" */,
			);
			productRefGroup = 633DD3B428C6DACB00D0971A /* Products */;
			projectDirPath = "";
			projectRoot = "";
			targets = (
				633DD3B228C6DACB00D0971A /* Ably-Test */,
				633DD3C828C6DACC00D0971A /* Ably-TestTests */,
				633DD3D228C6DACC00D0971A /* Ably-TestUITests */,
			);
		};
/* End PBXProject section */

/* Begin PBXResourcesBuildPhase section */
		633DD3B128C6DACB00D0971A /* Resources */ = {
			isa = PBXResourcesBuildPhase;
			buildActionMask = 2147483647;
			files = (
				633DD3C328C6DACC00D0971A /* LaunchScreen.storyboard in Resources */,
				633DD3C028C6DACC00D0971A /* Assets.xcassets in Resources */,
				633DD3BE28C6DACB00D0971A /* Main.storyboard in Resources */,
			);
			runOnlyForDeploymentPostprocessing = 0;
		};
		633DD3C728C6DACC00D0971A /* Resources */ = {
			isa = PBXResourcesBuildPhase;
			buildActionMask = 2147483647;
			files = (
			);
			runOnlyForDeploymentPostprocessing = 0;
		};
		633DD3D128C6DACC00D0971A /* Resources */ = {
			isa = PBXResourcesBuildPhase;
			buildActionMask = 2147483647;
			files = (
			);
			runOnlyForDeploymentPostprocessing = 0;
		};
/* End PBXResourcesBuildPhase section */

/* Begin PBXSourcesBuildPhase section */
		633DD3AF28C6DACB00D0971A /* Sources */ = {
			isa = PBXSourcesBuildPhase;
			buildActionMask = 2147483647;
			files = (
				6350AB2728C841B300853F88 /* Goods+Mapping.swift in Sources */,
				6350AB2D28C86ACF00853F88 /* ModelType.swift in Sources */,
				63D3F44928C70E0600A4DE85 /* Goods.swift in Sources */,
				6350AAE428C717FB00853F88 /* HomeResponse.swift in Sources */,
				6350AB2328C837D700853F88 /* RealmManager.swift in Sources */,
				6350AB1B28C8340D00853F88 /* WishListService.swift in Sources */,
				6350AAE628C719A100853F88 /* AblyNetworing.swift in Sources */,
				633DD3BB28C6DACB00D0971A /* ViewController.swift in Sources */,
				63D3F44E28C70EFA00A4DE85 /* AblyAPI.swift in Sources */,
				6350AB2528C83E9600853F88 /* GoodsObject.swift in Sources */,
				6350AAED28C7243500853F88 /* RxSwift+ViewLifeCycle.swift in Sources */,
				63D3F45028C711B400A4DE85 /* Bundle+Extension.swift in Sources */,
				633DD40D28C6E49700D0971A /* CompositionRoot.swift in Sources */,
				63D3F44728C70D5A00A4DE85 /* Banner.swift in Sources */,
				6350AB1828C7E37900853F88 /* HomeGoodsCellReactor.swift in Sources */,
				633DD3EB28C6DCB300D0971A /* BaseViewController.swift in Sources */,
				63D3F43C28C6F58000A4DE85 /* UIColor+Extension.swift in Sources */,
				6350AB0928C7A8E300853F88 /* GoodsCell.swift in Sources */,
				6350AB0428C77BCE00853F88 /* BasePagerViewCell.swift in Sources */,
				6350AB2A28C8430D00853F88 /* PersistableProtocol.swift in Sources */,
				6350AB2F28C8EDD800853F88 /* UIScrollView+ReachedBottom.swift in Sources */,
				63D3F43528C6EF5000A4DE85 /* HomeViewController.swift in Sources */,
				6350AAF628C72ABC00853F88 /* BannerContainerCellReactor.swift in Sources */,
				633DD40A28C6E43E00D0971A /* MainTabBarController.swift in Sources */,
				6350AAFC28C75BCB00853F88 /* BannerCellReactor.swift in Sources */,
				6350AAEF28C724DC00853F88 /* HomeViewSection.swift in Sources */,
				6350AAE228C714F700853F88 /* HomeService.swift in Sources */,
				6350AB1228C7D85200853F88 /* HomeViewController+Layout.swift in Sources */,
				6350AB1028C7CF3D00853F88 /* Int+Extension.swift in Sources */,
				63D3F43F28C7045700A4DE85 /* BannerContainerCell.swift in Sources */,
				633DD3B728C6DACB00D0971A /* AppDelegate.swift in Sources */,
				63D3F44528C7088100A4DE85 /* SwiftUIPreview.swift in Sources */,
				6350AAEB28C71DCF00853F88 /* HomeViewReactor.swift in Sources */,
				6350AAFA28C75A3C00853F88 /* BannerCell.swift in Sources */,
				633DD3B928C6DACB00D0971A /* SceneDelegate.swift in Sources */,
				633DD40428C6E13C00D0971A /* BaseCollectionViewCell.swift in Sources */,
				6350AB1428C7DF6900853F88 /* HomeGoodsCell.swift in Sources */,
				63D3F44328C7081900A4DE85 /* PaddingLabel.swift in Sources */,
			);
			runOnlyForDeploymentPostprocessing = 0;
		};
		633DD3C528C6DACC00D0971A /* Sources */ = {
			isa = PBXSourcesBuildPhase;
			buildActionMask = 2147483647;
			files = (
				633DD3CE28C6DACC00D0971A /* Ably_TestTests.swift in Sources */,
			);
			runOnlyForDeploymentPostprocessing = 0;
		};
		633DD3CF28C6DACC00D0971A /* Sources */ = {
			isa = PBXSourcesBuildPhase;
			buildActionMask = 2147483647;
			files = (
				633DD3DA28C6DACC00D0971A /* Ably_TestUITestsLaunchTests.swift in Sources */,
				633DD3D828C6DACC00D0971A /* Ably_TestUITests.swift in Sources */,
			);
			runOnlyForDeploymentPostprocessing = 0;
		};
/* End PBXSourcesBuildPhase section */

/* Begin PBXTargetDependency section */
		633DD3CB28C6DACC00D0971A /* PBXTargetDependency */ = {
			isa = PBXTargetDependency;
			target = 633DD3B228C6DACB00D0971A /* Ably-Test */;
			targetProxy = 633DD3CA28C6DACC00D0971A /* PBXContainerItemProxy */;
		};
		633DD3D528C6DACC00D0971A /* PBXTargetDependency */ = {
			isa = PBXTargetDependency;
			target = 633DD3B228C6DACB00D0971A /* Ably-Test */;
			targetProxy = 633DD3D428C6DACC00D0971A /* PBXContainerItemProxy */;
		};
/* End PBXTargetDependency section */

/* Begin PBXVariantGroup section */
		633DD3BC28C6DACB00D0971A /* Main.storyboard */ = {
			isa = PBXVariantGroup;
			children = (
				633DD3BD28C6DACB00D0971A /* Base */,
			);
			name = Main.storyboard;
			sourceTree = "<group>";
		};
		633DD3C128C6DACC00D0971A /* LaunchScreen.storyboard */ = {
			isa = PBXVariantGroup;
			children = (
				633DD3C228C6DACC00D0971A /* Base */,
			);
			name = LaunchScreen.storyboard;
			sourceTree = "<group>";
		};
/* End PBXVariantGroup section */

/* Begin XCBuildConfiguration section */
		633DD3DB28C6DACC00D0971A /* Debug */ = {
			isa = XCBuildConfiguration;
			buildSettings = {
				ALWAYS_SEARCH_USER_PATHS = NO;
				CLANG_ANALYZER_NONNULL = YES;
				CLANG_ANALYZER_NUMBER_OBJECT_CONVERSION = YES_AGGRESSIVE;
				CLANG_CXX_LANGUAGE_STANDARD = "gnu++17";
				CLANG_ENABLE_MODULES = YES;
				CLANG_ENABLE_OBJC_ARC = YES;
				CLANG_ENABLE_OBJC_WEAK = YES;
				CLANG_WARN_BLOCK_CAPTURE_AUTORELEASING = YES;
				CLANG_WARN_BOOL_CONVERSION = YES;
				CLANG_WARN_COMMA = YES;
				CLANG_WARN_CONSTANT_CONVERSION = YES;
				CLANG_WARN_DEPRECATED_OBJC_IMPLEMENTATIONS = YES;
				CLANG_WARN_DIRECT_OBJC_ISA_USAGE = YES_ERROR;
				CLANG_WARN_DOCUMENTATION_COMMENTS = YES;
				CLANG_WARN_EMPTY_BODY = YES;
				CLANG_WARN_ENUM_CONVERSION = YES;
				CLANG_WARN_INFINITE_RECURSION = YES;
				CLANG_WARN_INT_CONVERSION = YES;
				CLANG_WARN_NON_LITERAL_NULL_CONVERSION = YES;
				CLANG_WARN_OBJC_IMPLICIT_RETAIN_SELF = YES;
				CLANG_WARN_OBJC_LITERAL_CONVERSION = YES;
				CLANG_WARN_OBJC_ROOT_CLASS = YES_ERROR;
				CLANG_WARN_QUOTED_INCLUDE_IN_FRAMEWORK_HEADER = YES;
				CLANG_WARN_RANGE_LOOP_ANALYSIS = YES;
				CLANG_WARN_STRICT_PROTOTYPES = YES;
				CLANG_WARN_SUSPICIOUS_MOVE = YES;
				CLANG_WARN_UNGUARDED_AVAILABILITY = YES_AGGRESSIVE;
				CLANG_WARN_UNREACHABLE_CODE = YES;
				CLANG_WARN__DUPLICATE_METHOD_MATCH = YES;
				COPY_PHASE_STRIP = NO;
				DEBUG_INFORMATION_FORMAT = dwarf;
				ENABLE_STRICT_OBJC_MSGSEND = YES;
				ENABLE_TESTABILITY = YES;
				GCC_C_LANGUAGE_STANDARD = gnu11;
				GCC_DYNAMIC_NO_PIC = NO;
				GCC_NO_COMMON_BLOCKS = YES;
				GCC_OPTIMIZATION_LEVEL = 0;
				GCC_PREPROCESSOR_DEFINITIONS = (
					"DEBUG=1",
					"$(inherited)",
				);
				GCC_WARN_64_TO_32_BIT_CONVERSION = YES;
				GCC_WARN_ABOUT_RETURN_TYPE = YES_ERROR;
				GCC_WARN_UNDECLARED_SELECTOR = YES;
				GCC_WARN_UNINITIALIZED_AUTOS = YES_AGGRESSIVE;
				GCC_WARN_UNUSED_FUNCTION = YES;
				GCC_WARN_UNUSED_VARIABLE = YES;
				IPHONEOS_DEPLOYMENT_TARGET = 15.5;
				MTL_ENABLE_DEBUG_INFO = INCLUDE_SOURCE;
				MTL_FAST_MATH = YES;
				ONLY_ACTIVE_ARCH = YES;
				SDKROOT = iphoneos;
				SWIFT_ACTIVE_COMPILATION_CONDITIONS = DEBUG;
				SWIFT_OPTIMIZATION_LEVEL = "-Onone";
			};
			name = Debug;
		};
		633DD3DC28C6DACC00D0971A /* Release */ = {
			isa = XCBuildConfiguration;
			buildSettings = {
				ALWAYS_SEARCH_USER_PATHS = NO;
				CLANG_ANALYZER_NONNULL = YES;
				CLANG_ANALYZER_NUMBER_OBJECT_CONVERSION = YES_AGGRESSIVE;
				CLANG_CXX_LANGUAGE_STANDARD = "gnu++17";
				CLANG_ENABLE_MODULES = YES;
				CLANG_ENABLE_OBJC_ARC = YES;
				CLANG_ENABLE_OBJC_WEAK = YES;
				CLANG_WARN_BLOCK_CAPTURE_AUTORELEASING = YES;
				CLANG_WARN_BOOL_CONVERSION = YES;
				CLANG_WARN_COMMA = YES;
				CLANG_WARN_CONSTANT_CONVERSION = YES;
				CLANG_WARN_DEPRECATED_OBJC_IMPLEMENTATIONS = YES;
				CLANG_WARN_DIRECT_OBJC_ISA_USAGE = YES_ERROR;
				CLANG_WARN_DOCUMENTATION_COMMENTS = YES;
				CLANG_WARN_EMPTY_BODY = YES;
				CLANG_WARN_ENUM_CONVERSION = YES;
				CLANG_WARN_INFINITE_RECURSION = YES;
				CLANG_WARN_INT_CONVERSION = YES;
				CLANG_WARN_NON_LITERAL_NULL_CONVERSION = YES;
				CLANG_WARN_OBJC_IMPLICIT_RETAIN_SELF = YES;
				CLANG_WARN_OBJC_LITERAL_CONVERSION = YES;
				CLANG_WARN_OBJC_ROOT_CLASS = YES_ERROR;
				CLANG_WARN_QUOTED_INCLUDE_IN_FRAMEWORK_HEADER = YES;
				CLANG_WARN_RANGE_LOOP_ANALYSIS = YES;
				CLANG_WARN_STRICT_PROTOTYPES = YES;
				CLANG_WARN_SUSPICIOUS_MOVE = YES;
				CLANG_WARN_UNGUARDED_AVAILABILITY = YES_AGGRESSIVE;
				CLANG_WARN_UNREACHABLE_CODE = YES;
				CLANG_WARN__DUPLICATE_METHOD_MATCH = YES;
				COPY_PHASE_STRIP = NO;
				DEBUG_INFORMATION_FORMAT = "dwarf-with-dsym";
				ENABLE_NS_ASSERTIONS = NO;
				ENABLE_STRICT_OBJC_MSGSEND = YES;
				GCC_C_LANGUAGE_STANDARD = gnu11;
				GCC_NO_COMMON_BLOCKS = YES;
				GCC_WARN_64_TO_32_BIT_CONVERSION = YES;
				GCC_WARN_ABOUT_RETURN_TYPE = YES_ERROR;
				GCC_WARN_UNDECLARED_SELECTOR = YES;
				GCC_WARN_UNINITIALIZED_AUTOS = YES_AGGRESSIVE;
				GCC_WARN_UNUSED_FUNCTION = YES;
				GCC_WARN_UNUSED_VARIABLE = YES;
				IPHONEOS_DEPLOYMENT_TARGET = 15.5;
				MTL_ENABLE_DEBUG_INFO = NO;
				MTL_FAST_MATH = YES;
				SDKROOT = iphoneos;
				SWIFT_COMPILATION_MODE = wholemodule;
				SWIFT_OPTIMIZATION_LEVEL = "-O";
				VALIDATE_PRODUCT = YES;
			};
			name = Release;
		};
		633DD3DE28C6DACC00D0971A /* Debug */ = {
			isa = XCBuildConfiguration;
			buildSettings = {
				API_URL = "https://d2bab9i9pr8lds.cloudfront.net/api";
				ASSETCATALOG_COMPILER_APPICON_NAME = AppIcon;
				ASSETCATALOG_COMPILER_GLOBAL_ACCENT_COLOR_NAME = AccentColor;
				CODE_SIGN_STYLE = Automatic;
				CURRENT_PROJECT_VERSION = 1;
				DEVELOPMENT_TEAM = 948BK35888;
				GENERATE_INFOPLIST_FILE = YES;
				INFOPLIST_FILE = "Ably-Test/Supporting Files/Info.plist";
				INFOPLIST_KEY_UIApplicationSupportsIndirectInputEvents = YES;
				INFOPLIST_KEY_UILaunchStoryboardName = LaunchScreen;
				INFOPLIST_KEY_UISupportedInterfaceOrientations_iPad = "UIInterfaceOrientationPortrait UIInterfaceOrientationPortraitUpsideDown UIInterfaceOrientationLandscapeLeft UIInterfaceOrientationLandscapeRight";
				INFOPLIST_KEY_UISupportedInterfaceOrientations_iPhone = "UIInterfaceOrientationPortrait UIInterfaceOrientationLandscapeLeft UIInterfaceOrientationLandscapeRight";
				LD_RUNPATH_SEARCH_PATHS = (
					"$(inherited)",
					"@executable_path/Frameworks",
				);
				MARKETING_VERSION = 1.0;
				PRODUCT_BUNDLE_IDENTIFIER = "dev.wangseung.Ably-Test";
				PRODUCT_NAME = "$(TARGET_NAME)";
				SWIFT_EMIT_LOC_STRINGS = YES;
				SWIFT_VERSION = 5.0;
				TARGETED_DEVICE_FAMILY = "1,2";
			};
			name = Debug;
		};
		633DD3DF28C6DACC00D0971A /* Release */ = {
			isa = XCBuildConfiguration;
			buildSettings = {
				API_URL = "https://d2bab9i9pr8lds.cloudfront.net/api";
				ASSETCATALOG_COMPILER_APPICON_NAME = AppIcon;
				ASSETCATALOG_COMPILER_GLOBAL_ACCENT_COLOR_NAME = AccentColor;
				CODE_SIGN_STYLE = Automatic;
				CURRENT_PROJECT_VERSION = 1;
				DEVELOPMENT_TEAM = 948BK35888;
				GENERATE_INFOPLIST_FILE = YES;
				INFOPLIST_FILE = "Ably-Test/Supporting Files/Info.plist";
				INFOPLIST_KEY_UIApplicationSupportsIndirectInputEvents = YES;
				INFOPLIST_KEY_UILaunchStoryboardName = LaunchScreen;
				INFOPLIST_KEY_UISupportedInterfaceOrientations_iPad = "UIInterfaceOrientationPortrait UIInterfaceOrientationPortraitUpsideDown UIInterfaceOrientationLandscapeLeft UIInterfaceOrientationLandscapeRight";
				INFOPLIST_KEY_UISupportedInterfaceOrientations_iPhone = "UIInterfaceOrientationPortrait UIInterfaceOrientationLandscapeLeft UIInterfaceOrientationLandscapeRight";
				LD_RUNPATH_SEARCH_PATHS = (
					"$(inherited)",
					"@executable_path/Frameworks",
				);
				MARKETING_VERSION = 1.0;
				PRODUCT_BUNDLE_IDENTIFIER = "dev.wangseung.Ably-Test";
				PRODUCT_NAME = "$(TARGET_NAME)";
				SWIFT_EMIT_LOC_STRINGS = YES;
				SWIFT_VERSION = 5.0;
				TARGETED_DEVICE_FAMILY = "1,2";
			};
			name = Release;
		};
		633DD3E128C6DACC00D0971A /* Debug */ = {
			isa = XCBuildConfiguration;
			buildSettings = {
				ALWAYS_EMBED_SWIFT_STANDARD_LIBRARIES = YES;
				BUNDLE_LOADER = "$(TEST_HOST)";
				CODE_SIGN_STYLE = Automatic;
				CURRENT_PROJECT_VERSION = 1;
				DEVELOPMENT_TEAM = 948BK35888;
				GENERATE_INFOPLIST_FILE = YES;
				IPHONEOS_DEPLOYMENT_TARGET = 15.5;
				MARKETING_VERSION = 1.0;
				PRODUCT_BUNDLE_IDENTIFIER = "dev.wangseung.Ably-TestTests";
				PRODUCT_NAME = "$(TARGET_NAME)";
				SWIFT_EMIT_LOC_STRINGS = NO;
				SWIFT_VERSION = 5.0;
				TARGETED_DEVICE_FAMILY = "1,2";
				TEST_HOST = "$(BUILT_PRODUCTS_DIR)/Ably-Test.app/Ably-Test";
			};
			name = Debug;
		};
		633DD3E228C6DACC00D0971A /* Release */ = {
			isa = XCBuildConfiguration;
			buildSettings = {
				ALWAYS_EMBED_SWIFT_STANDARD_LIBRARIES = YES;
				BUNDLE_LOADER = "$(TEST_HOST)";
				CODE_SIGN_STYLE = Automatic;
				CURRENT_PROJECT_VERSION = 1;
				DEVELOPMENT_TEAM = 948BK35888;
				GENERATE_INFOPLIST_FILE = YES;
				IPHONEOS_DEPLOYMENT_TARGET = 15.5;
				MARKETING_VERSION = 1.0;
				PRODUCT_BUNDLE_IDENTIFIER = "dev.wangseung.Ably-TestTests";
				PRODUCT_NAME = "$(TARGET_NAME)";
				SWIFT_EMIT_LOC_STRINGS = NO;
				SWIFT_VERSION = 5.0;
				TARGETED_DEVICE_FAMILY = "1,2";
				TEST_HOST = "$(BUILT_PRODUCTS_DIR)/Ably-Test.app/Ably-Test";
			};
			name = Release;
		};
		633DD3E428C6DACC00D0971A /* Debug */ = {
			isa = XCBuildConfiguration;
			buildSettings = {
				ALWAYS_EMBED_SWIFT_STANDARD_LIBRARIES = YES;
				CODE_SIGN_STYLE = Automatic;
				CURRENT_PROJECT_VERSION = 1;
				DEVELOPMENT_TEAM = 948BK35888;
				GENERATE_INFOPLIST_FILE = YES;
				MARKETING_VERSION = 1.0;
				PRODUCT_BUNDLE_IDENTIFIER = "dev.wangseung.Ably-TestUITests";
				PRODUCT_NAME = "$(TARGET_NAME)";
				SWIFT_EMIT_LOC_STRINGS = NO;
				SWIFT_VERSION = 5.0;
				TARGETED_DEVICE_FAMILY = "1,2";
				TEST_TARGET_NAME = "Ably-Test";
			};
			name = Debug;
		};
		633DD3E528C6DACC00D0971A /* Release */ = {
			isa = XCBuildConfiguration;
			buildSettings = {
				ALWAYS_EMBED_SWIFT_STANDARD_LIBRARIES = YES;
				CODE_SIGN_STYLE = Automatic;
				CURRENT_PROJECT_VERSION = 1;
				DEVELOPMENT_TEAM = 948BK35888;
				GENERATE_INFOPLIST_FILE = YES;
				MARKETING_VERSION = 1.0;
				PRODUCT_BUNDLE_IDENTIFIER = "dev.wangseung.Ably-TestUITests";
				PRODUCT_NAME = "$(TARGET_NAME)";
				SWIFT_EMIT_LOC_STRINGS = NO;
				SWIFT_VERSION = 5.0;
				TARGETED_DEVICE_FAMILY = "1,2";
				TEST_TARGET_NAME = "Ably-Test";
			};
			name = Release;
		};
/* End XCBuildConfiguration section */

/* Begin XCConfigurationList section */
		633DD3AE28C6DACB00D0971A /* Build configuration list for PBXProject "Ably-Test" */ = {
			isa = XCConfigurationList;
			buildConfigurations = (
				633DD3DB28C6DACC00D0971A /* Debug */,
				633DD3DC28C6DACC00D0971A /* Release */,
			);
			defaultConfigurationIsVisible = 0;
			defaultConfigurationName = Release;
		};
		633DD3DD28C6DACC00D0971A /* Build configuration list for PBXNativeTarget "Ably-Test" */ = {
			isa = XCConfigurationList;
			buildConfigurations = (
				633DD3DE28C6DACC00D0971A /* Debug */,
				633DD3DF28C6DACC00D0971A /* Release */,
			);
			defaultConfigurationIsVisible = 0;
			defaultConfigurationName = Release;
		};
		633DD3E028C6DACC00D0971A /* Build configuration list for PBXNativeTarget "Ably-TestTests" */ = {
			isa = XCConfigurationList;
			buildConfigurations = (
				633DD3E128C6DACC00D0971A /* Debug */,
				633DD3E228C6DACC00D0971A /* Release */,
			);
			defaultConfigurationIsVisible = 0;
			defaultConfigurationName = Release;
		};
		633DD3E328C6DACC00D0971A /* Build configuration list for PBXNativeTarget "Ably-TestUITests" */ = {
			isa = XCConfigurationList;
			buildConfigurations = (
				633DD3E428C6DACC00D0971A /* Debug */,
				633DD3E528C6DACC00D0971A /* Release */,
			);
			defaultConfigurationIsVisible = 0;
			defaultConfigurationName = Release;
		};
/* End XCConfigurationList section */

/* Begin XCRemoteSwiftPackageReference section */
		633DD3EC28C6DDD500D0971A /* XCRemoteSwiftPackageReference "RxSwift" */ = {
			isa = XCRemoteSwiftPackageReference;
			repositoryURL = "https://github.com/ReactiveX/RxSwift.git";
			requirement = {
				branch = main;
				kind = branch;
			};
		};
		633DD3F328C6DDDF00D0971A /* XCRemoteSwiftPackageReference "ReactorKit" */ = {
			isa = XCRemoteSwiftPackageReference;
			repositoryURL = "https://github.com/ReactorKit/ReactorKit";
			requirement = {
				kind = upToNextMajorVersion;
				minimumVersion = 3.0.0;
			};
		};
		633DD3F628C6DDE900D0971A /* XCRemoteSwiftPackageReference "SnapKit" */ = {
			isa = XCRemoteSwiftPackageReference;
			repositoryURL = "https://github.com/SnapKit/SnapKit";
			requirement = {
				kind = upToNextMajorVersion;
				minimumVersion = 5.0.0;
			};
		};
		633DD3FA28C6DE5100D0971A /* XCRemoteSwiftPackageReference "Moya" */ = {
			isa = XCRemoteSwiftPackageReference;
			repositoryURL = "https://github.com/Moya/Moya";
			requirement = {
				kind = upToNextMajorVersion;
				minimumVersion = 15.0.0;
			};
		};
		6350AAF028C724FB00853F88 /* XCRemoteSwiftPackageReference "RxDataSources" */ = {
			isa = XCRemoteSwiftPackageReference;
			repositoryURL = "https://github.com/RxSwiftCommunity/RxDataSources";
			requirement = {
				branch = main;
				kind = branch;
			};
		};
		6350AAFD28C75CEA00853F88 /* XCRemoteSwiftPackageReference "SDWebImage" */ = {
			isa = XCRemoteSwiftPackageReference;
			repositoryURL = "https://github.com/SDWebImage/SDWebImage.git";
			requirement = {
				kind = upToNextMajorVersion;
				minimumVersion = 5.0.0;
			};
		};
		6350AB0028C77B4A00853F88 /* XCRemoteSwiftPackageReference "FSPagerView" */ = {
			isa = XCRemoteSwiftPackageReference;
			repositoryURL = "https://github.com/WenchaoD/FSPagerView";
			requirement = {
				branch = master;
				kind = branch;
			};
		};
		6350AB1C28C8379E00853F88 /* XCRemoteSwiftPackageReference "realm-swift" */ = {
			isa = XCRemoteSwiftPackageReference;
			repositoryURL = "https://github.com/realm/realm-swift";
			requirement = {
				branch = master;
				kind = branch;
			};
		};
		63D3F43628C6F02400A4DE85 /* XCRemoteSwiftPackageReference "Then" */ = {
			isa = XCRemoteSwiftPackageReference;
			repositoryURL = "https://github.com/devxoul/Then";
			requirement = {
				kind = upToNextMajorVersion;
				minimumVersion = 3.0.0;
			};
		};
/* End XCRemoteSwiftPackageReference section */

/* Begin XCSwiftPackageProductDependency section */
		633DD3ED28C6DDD500D0971A /* RxCocoa */ = {
			isa = XCSwiftPackageProductDependency;
			package = 633DD3EC28C6DDD500D0971A /* XCRemoteSwiftPackageReference "RxSwift" */;
			productName = RxCocoa;
		};
		633DD3EF28C6DDD500D0971A /* RxSwift */ = {
			isa = XCSwiftPackageProductDependency;
			package = 633DD3EC28C6DDD500D0971A /* XCRemoteSwiftPackageReference "RxSwift" */;
			productName = RxSwift;
		};
		633DD3F428C6DDDF00D0971A /* ReactorKit */ = {
			isa = XCSwiftPackageProductDependency;
			package = 633DD3F328C6DDDF00D0971A /* XCRemoteSwiftPackageReference "ReactorKit" */;
			productName = ReactorKit;
		};
		633DD3F728C6DDE900D0971A /* SnapKit */ = {
			isa = XCSwiftPackageProductDependency;
			package = 633DD3F628C6DDE900D0971A /* XCRemoteSwiftPackageReference "SnapKit" */;
			productName = SnapKit;
		};
		633DD3FB28C6DE5100D0971A /* Moya */ = {
			isa = XCSwiftPackageProductDependency;
			package = 633DD3FA28C6DE5100D0971A /* XCRemoteSwiftPackageReference "Moya" */;
			productName = Moya;
		};
		633DD3FD28C6DE5100D0971A /* RxMoya */ = {
			isa = XCSwiftPackageProductDependency;
			package = 633DD3FA28C6DE5100D0971A /* XCRemoteSwiftPackageReference "Moya" */;
			productName = RxMoya;
		};
		633DD40F28C6E91700D0971A /* RxTest */ = {
			isa = XCSwiftPackageProductDependency;
			package = 633DD3EC28C6DDD500D0971A /* XCRemoteSwiftPackageReference "RxSwift" */;
			productName = RxTest;
		};
		6350AAF128C724FB00853F88 /* Differentiator */ = {
			isa = XCSwiftPackageProductDependency;
			package = 6350AAF028C724FB00853F88 /* XCRemoteSwiftPackageReference "RxDataSources" */;
			productName = Differentiator;
		};
		6350AAF328C724FB00853F88 /* RxDataSources */ = {
			isa = XCSwiftPackageProductDependency;
			package = 6350AAF028C724FB00853F88 /* XCRemoteSwiftPackageReference "RxDataSources" */;
			productName = RxDataSources;
		};
		6350AAFE28C75CEA00853F88 /* SDWebImage */ = {
			isa = XCSwiftPackageProductDependency;
			package = 6350AAFD28C75CEA00853F88 /* XCRemoteSwiftPackageReference "SDWebImage" */;
			productName = SDWebImage;
		};
		6350AB0128C77B4A00853F88 /* FSPagerView */ = {
			isa = XCSwiftPackageProductDependency;
			package = 6350AB0028C77B4A00853F88 /* XCRemoteSwiftPackageReference "FSPagerView" */;
			productName = FSPagerView;
		};
		6350AB1D28C8379E00853F88 /* Realm */ = {
			isa = XCSwiftPackageProductDependency;
			package = 6350AB1C28C8379E00853F88 /* XCRemoteSwiftPackageReference "realm-swift" */;
			productName = Realm;
		};
		6350AB1F28C8379E00853F88 /* RealmSwift */ = {
			isa = XCSwiftPackageProductDependency;
			package = 6350AB1C28C8379E00853F88 /* XCRemoteSwiftPackageReference "realm-swift" */;
			productName = RealmSwift;
		};
		63D3F43728C6F02400A4DE85 /* Then */ = {
			isa = XCSwiftPackageProductDependency;
			package = 63D3F43628C6F02400A4DE85 /* XCRemoteSwiftPackageReference "Then" */;
			productName = Then;
		};
/* End XCSwiftPackageProductDependency section */
	};
	rootObject = 633DD3AB28C6DACB00D0971A /* Project object */;
}
